{
    "_readme": [
        "This file locks the dependencies of your project to a known state",
        "Read more about it at https://getcomposer.org/doc/01-basic-usage.md#composer-lock-the-lock-file",
        "This file is @generated automatically"
    ],
    "hash": "e8e03efd2c60e9ca434971fdeaceed3b",
    "content-hash": "b92ffa155ff083846900df268c26e302",
    "packages": [
        {
            "name": "fzaninotto/faker",
            "version": "v1.5.0",
            "source": {
                "type": "git",
                "url": "https://github.com/fzaninotto/Faker.git",
                "reference": "d0190b156bcca848d401fb80f31f504f37141c8d"
            },
            "dist": {
                "type": "zip",
                "url": "https://api.github.com/repos/fzaninotto/Faker/zipball/d0190b156bcca848d401fb80f31f504f37141c8d",
                "reference": "d0190b156bcca848d401fb80f31f504f37141c8d",
                "shasum": ""
            },
            "require": {
                "php": ">=5.3.3"
            },
            "require-dev": {
                "phpunit/phpunit": "~4.0",
                "squizlabs/php_codesniffer": "~1.5"
            },
            "suggest": {
                "ext-intl": "*"
            },
            "type": "library",
            "extra": {
                "branch-alias": {
                    "dev-master": "1.5.x-dev"
                }
            },
            "autoload": {
                "psr-4": {
                    "Faker\\": "src/Faker/"
                }
            },
            "notification-url": "https://packagist.org/downloads/",
            "license": [
                "MIT"
            ],
            "authors": [
                {
                    "name": "François Zaninotto"
                }
            ],
            "description": "Faker is a PHP library that generates fake data for you.",
            "keywords": [
                "data",
                "faker",
                "fixtures"
            ],
            "time": "2015-05-29 06:29:14"
        },
        {
            "name": "iachilles/eavactiverecord",
            "version": "dev-master",
            "source": {
                "type": "git",
                "url": "https://github.com/iAchilles/eavactiverecord.git",
                "reference": "d118a9509fc3f8f9bac1f271f96e00071b716986"
            },
            "dist": {
                "type": "zip",
                "url": "https://api.github.com/repos/iAchilles/eavactiverecord/zipball/d118a9509fc3f8f9bac1f271f96e00071b716986",
                "reference": "d118a9509fc3f8f9bac1f271f96e00071b716986",
                "shasum": ""
            },
            "require": {
                "php": ">=5.1.0"
            },
            "type": "yii-extension",
            "notification-url": "https://packagist.org/downloads/",
            "license": [
                "MIT"
            ],
            "authors": [
                {
                    "name": "Igor Manturov, Jr.",
                    "email": "igor.manturov.jr@gmail.com"
                }
            ],
            "description": "Implements entity-attribute-value pattern and provides a simple way to work with EAV-attributes.",
            "homepage": "https://github.com/iAchilles/eavactiverecord",
            "keywords": [
                "activerecord",
                "eav",
                "extension",
                "object-attribute-value",
                "yii"
            ],
            "time": "2014-11-19 11:27:20"
        },
        {
            "name": "nsdvw/PreviewGenerator",
            "version": "dev-master",
            "source": {
                "type": "git",
                "url": "https://github.com/nsdvw/PreviewGenerator.git",
                "reference": "d9d83200092c03a6de1cbf709be600c3bae50520"
            },
            "dist": {
                "type": "zip",
                "url": "https://api.github.com/repos/nsdvw/PreviewGenerator/zipball/d9d83200092c03a6de1cbf709be600c3bae50520",
                "reference": "d9d83200092c03a6de1cbf709be600c3bae50520",
                "shasum": ""
            },
            "type": "library",
            "autoload": {
                "psr-4": {
                    "PreviewGenerator\\": "lib/"
                }
            },
            "support": {
                "source": "https://github.com/nsdvw/PreviewGenerator/tree/master",
                "issues": "https://github.com/nsdvw/PreviewGenerator/issues"
            },
            "time": "2016-01-19 02:52:09"
        },
        {
            "name": "select2/select2",
            "version": "3.5.0",
            "source": {
                "type": "git",
                "url": "https://github.com/select2/select2",
                "reference": "stable/3.5"
            },
            "type": "library"
        },
        {
            "name": "silverfire/select2-bootstrap3-css",
            "version": "1.5.0",
            "source": {
                "type": "git",
                "url": "https://github.com/SilverFire/select2-bootstrap3-css.git",
                "reference": "77bf214ae0022265948bd2c52d739ea1c81853a3"
            },
            "dist": {
                "type": "zip",
                "url": "https://api.github.com/repos/SilverFire/select2-bootstrap3-css/zipball/77bf214ae0022265948bd2c52d739ea1c81853a3",
                "reference": "77bf214ae0022265948bd2c52d739ea1c81853a3",
                "shasum": ""
            },
            "type": "library",
            "notification-url": "https://packagist.org/downloads/",
            "description": "Bootstrap3 theme for select2 plugin",
            "homepage": "https://github.com/SilverFire/select2-bootstrap3-css",
            "keywords": [
                "bootstrap",
                "select2",
                "styles"
            ],
            "time": "2015-05-25 14:31:02"
        },
        {
            "name": "smottt/wideimage",
            "version": "1.1.1",
            "source": {
                "type": "git",
                "url": "https://github.com/smottt/WideImage.git",
                "reference": "6cbdaa6eb186c4a618b2ef5a7f38fcb50f0f2b1b"
            },
            "dist": {
                "type": "zip",
                "url": "https://api.github.com/repos/smottt/WideImage/zipball/6cbdaa6eb186c4a618b2ef5a7f38fcb50f0f2b1b",
                "reference": "6cbdaa6eb186c4a618b2ef5a7f38fcb50f0f2b1b",
                "shasum": ""
            },
            "require": {
                "php": ">=5.3"
            },
            "type": "library",
            "autoload": {
                "psr-0": {
                    "WideImage": "lib/"
                }
            },
            "notification-url": "https://packagist.org/downloads/",
            "license": [
                "GPL-2.0",
                "LGPL-2.1"
            ],
            "description": "An open-source PHP library for image manipulation. (With namespaces, PHP 5.3+)",
            "homepage": "http://wideimage.sourceforge.net",
            "time": "2015-10-05 20:32:34"
        },
        {
            "name": "twbs/bootstrap",
            "version": "v3.3.6",
            "source": {
                "type": "git",
                "url": "https://github.com/twbs/bootstrap.git",
                "reference": "81df608a40bf0629a1dc08e584849bb1e43e0b7a"
            },
            "dist": {
                "type": "zip",
                "url": "https://api.github.com/repos/twbs/bootstrap/zipball/81df608a40bf0629a1dc08e584849bb1e43e0b7a",
                "reference": "81df608a40bf0629a1dc08e584849bb1e43e0b7a",
                "shasum": ""
            },
            "replace": {
                "twitter/bootstrap": "self.version"
            },
            "type": "library",
            "extra": {
                "branch-alias": {
                    "dev-master": "3.3.x-dev"
                }
            },
            "notification-url": "https://packagist.org/downloads/",
            "license": [
                "MIT"
            ],
            "authors": [
                {
                    "name": "Jacob Thornton",
                    "email": "jacobthornton@gmail.com"
                },
                {
                    "name": "Mark Otto",
                    "email": "markdotto@gmail.com"
                }
            ],
            "description": "The most popular front-end framework for developing responsive, mobile first projects on the web.",
            "homepage": "http://getbootstrap.com",
            "keywords": [
                "JS",
                "css",
                "framework",
                "front-end",
                "less",
                "mobile-first",
                "responsive",
                "web"
            ],
            "time": "2015-11-24 19:37:05"
        },
        {
            "name": "twig/twig",
            "version": "v1.24.0",
            "source": {
                "type": "git",
                "url": "https://github.com/twigphp/Twig.git",
                "reference": "3e5aa30ebfbafd5951fb1b01e338e1800ce7e0e8"
            },
            "dist": {
                "type": "zip",
                "url": "https://api.github.com/repos/twigphp/Twig/zipball/3e5aa30ebfbafd5951fb1b01e338e1800ce7e0e8",
                "reference": "3e5aa30ebfbafd5951fb1b01e338e1800ce7e0e8",
                "shasum": ""
            },
            "require": {
                "php": ">=5.2.7"
            },
            "require-dev": {
                "symfony/debug": "~2.7",
                "symfony/phpunit-bridge": "~2.7"
            },
            "type": "library",
            "extra": {
                "branch-alias": {
                    "dev-master": "1.24-dev"
                }
            },
            "autoload": {
                "psr-0": {
                    "Twig_": "lib/"
                }
            },
            "notification-url": "https://packagist.org/downloads/",
            "license": [
                "BSD-3-Clause"
            ],
            "authors": [
                {
                    "name": "Fabien Potencier",
                    "email": "fabien@symfony.com",
                    "homepage": "http://fabien.potencier.org",
                    "role": "Lead Developer"
                },
                {
                    "name": "Armin Ronacher",
                    "email": "armin.ronacher@active-4.com",
                    "role": "Project Founder"
                },
                {
                    "name": "Twig Team",
                    "homepage": "http://twig.sensiolabs.org/contributors",
                    "role": "Contributors"
                }
            ],
            "description": "Twig, the flexible, fast, and secure template language for PHP",
            "homepage": "http://twig.sensiolabs.org",
            "keywords": [
                "templating"
            ],
            "time": "2016-01-25 21:22:18"
        },
        {
            "name": "yiiext/nested-set-behavior",
            "version": "dev-master",
            "source": {
                "type": "git",
                "url": "https://github.com/yiiext/nested-set-behavior.git",
                "reference": "c0f82f5d1de1ac05d96b1959d7fba248ef3bf959"
            },
            "dist": {
                "type": "zip",
                "url": "https://api.github.com/repos/yiiext/nested-set-behavior/zipball/c0f82f5d1de1ac05d96b1959d7fba248ef3bf959",
                "reference": "c0f82f5d1de1ac05d96b1959d7fba248ef3bf959",
                "shasum": ""
            },
            "require": {
                "php": ">=5.1.0"
            },
            "type": "yii-extension",
            "autoload": {
                "classmap": [
                    "NestedSetBehavior.php"
                ]
            },
            "notification-url": "https://packagist.org/downloads/",
            "license": [
                "BSD-3-Clause"
            ],
            "authors": [
                {
                    "name": "Alexander Kochetov",
                    "email": "creocoder@gmail.com"
                }
            ],
            "description": "AR models behavior that allows to work with nested sets tree.",
            "homepage": "https://github.com/yiiext/nested-set-behavior",
            "keywords": [
                "extension",
                "nested set",
                "yii"
            ],
            "time": "2015-01-01 06:28:50"
        },
        {
            "name": "yiiext/twig-renderer",
            "version": "1.1.15",
            "source": {
                "type": "git",
                "url": "https://github.com/yiiext/twig-renderer",
                "reference": "v1.1.15"
            },
            "type": "library"
        },
        {
            "name": "yiisoft/yii",
            "version": "dev-master",
            "source": {
                "type": "git",
                "url": "https://github.com/yiisoft/yii.git",
                "reference": "57d4b9775fbe36f968a2d94d92ef8d804599f9be"
            },
            "dist": {
                "type": "zip",
                "url": "https://api.github.com/repos/yiisoft/yii/zipball/57d4b9775fbe36f968a2d94d92ef8d804599f9be",
                "reference": "57d4b9775fbe36f968a2d94d92ef8d804599f9be",
                "shasum": ""
            },
            "require": {
                "php": ">=5.1.0"
            },
            "bin": [
                "framework/yiic"
            ],
            "type": "library",
            "autoload": {
                "classmap": [
                    "framework/YiiBase.php",
                    "framework/yii.php"
                ]
            },
            "notification-url": "https://packagist.org/downloads/",
            "license": [
                "BSD-3-Clause"
            ],
            "authors": [
                {
                    "name": "Qiang Xue",
                    "email": "qiang.xue@gmail.com",
                    "homepage": "http://www.yiiframework.com/",
                    "role": "Founder and project lead"
                },
                {
                    "name": "Alexander Makarov",
                    "email": "sam@rmcreative.ru",
                    "homepage": "http://rmcreative.ru/",
                    "role": "Core framework development"
                },
                {
                    "name": "Maurizio Domba",
                    "homepage": "http://mdomba.info/",
                    "role": "Core framework development"
                },
                {
                    "name": "Carsten Brandt",
                    "email": "mail@cebe.cc",
                    "homepage": "http://cebe.cc/",
                    "role": "Core framework development"
                },
                {
                    "name": "Wei Zhuo",
                    "email": "weizhuo@gmail.com",
                    "role": "Project site maintenance and development"
                },
                {
                    "name": "Sebastián Thierer",
                    "email": "sebas@artfos.com",
                    "role": "Component development"
                },
                {
                    "name": "Jeffrey Winesett",
                    "email": "jefftulsa@gmail.com",
                    "role": "Documentation and marketing"
                },
                {
                    "name": "Timur Ruziev",
                    "email": "resurtm@gmail.com",
                    "homepage": "http://resurtm.com/",
                    "role": "Core framework development"
                },
                {
                    "name": "Paul Klimov",
                    "email": "klimov.paul@gmail.com",
                    "role": "Core framework development"
                }
            ],
            "description": "Yii Web Programming Framework",
            "homepage": "http://www.yiiframework.com/",
            "keywords": [
                "framework",
                "yii"
            ],
            "time": "2016-01-15 11:43:35"
        }
    ],
    "packages-dev": [],
    "aliases": [],
    "minimum-stability": "stable",
    "stability-flags": {
        "yiisoft/yii": 20,
        "yiiext/nested-set-behavior": 20,
        "iachilles/eavactiverecord": 20,
        "nsdvw/previewgenerator": 20
    },
    "prefer-stable": false,
    "prefer-lowest": false,
    "platform": {
        "php": ">=5.3.0"
    },
    "platform-dev": []
}
